schema: '2.0'
stages:
  download:
    cmd: python3 ./ops/download.py 1000
    deps:
    - path: ./ops/download.py
      md5: d06f57c278074c33b05dd255609b594a
      size: 1159
    outs:
    - path: ./data/title_basics.csv
      md5: 41f0b738d48fc8d0be3feb4ec2c8ed8b
      size: 6360800
    - path: ./data/title_principals.csv
      md5: dca7d0bcaaef90962cae47132f82dc6b
      size: 34875462
    - path: ./data/title_ratings.csv
      md5: fa780805de0575098e8659f603d6d9a7
      size: 1428399
  preprocess:
    cmd: python3 ./ops/clean_data.py
    deps:
    - path: ./data/title_basics.csv
      md5: 6245e8604c37ecde52cc6c54ab899816
      size: 4178577
    - path: ./data/title_principals.csv
      md5: dca7d0bcaaef90962cae47132f82dc6b
      size: 34875462
    - path: ./data/title_ratings.csv
      md5: fa780805de0575098e8659f603d6d9a7
      size: 1428399
    outs:
    - path: ./data/eval_df.csv
      md5: e80ec3e01f9b8d71861f68866c48d263
      size: 3871619
  evaluate:
    cmd: python3 ./ops/evaluate.py
    deps:
    - path: ./data/eval_df.csv
      md5: e80ec3e01f9b8d71861f68866c48d263
      size: 3871619
    - path: ./ops/config.yml
      md5: 832ca472173820232a43d0817d120238
      size: 177
